# THIS IS AN AUTOGENERATED FILE. DO NOT EDIT THIS FILE DIRECTLY.
# yarn lockfile v1


insomnia-cookies@^2.2.24:
  version "2.2.35"
  resolved "https://registry.yarnpkg.com/insomnia-cookies/-/insomnia-cookies-2.2.35.tgz#a31ed2e4c59a2edda173eb9143defe17b76d6c50"
  integrity sha512-NSLiv9+djf7mD+bDeS8I//ZofFPve3B7DZ1wCL4IDsiMg0Euxezv1CEcmduWOijSSFU2ww/UMOz09BUEpySKSw==
  dependencies:
    tough-cookie "^2.3.3"

insomnia-url@^2.2.35:
  version "2.2.35"
  resolved "https://registry.yarnpkg.com/insomnia-url/-/insomnia-url-2.2.35.tgz#04c721f9b9c35e8819d9dea89acdb4185314b21c"
  integrity sha512-bJRALWJb7kN+Uaq46ct734yoRnfCLiwdQ7Xgeg2Z/tmXtjsiqlagQk+HmXp+VbnGclUAyrMXanl0vV5veqT3tA==

psl@^1.1.28:
  version "1.8.0"
  resolved "https://registry.yarnpkg.com/psl/-/psl-1.8.0.tgz#9326f8bcfb013adcc005fdff056acce020e51c24"
  integrity sha512-RIdOzyoavK+hA18OGGWDqUTsCLhtA7IcZ/6NCs4fFJaHBDab+pDDmDIByWFRQJq2Cd7r1OoQxBGKOaztq+hjIQ==

punycode@^2.1.1:
  version "2.1.1"
  resolved "https://registry.yarnpkg.com/punycode/-/punycode-2.1.1.tgz#b58b010ac40c22c5657616c8d2c2c02c7bf479ec"
  integrity sha512-XRsRjdf+j5ml+y/6GKHPZbrF/8p2Yga0JPtdqTIY2Xe5ohJPD9saDJJLPvp9+NSBprVvevdXZybnj2cv8OEd0A==

tough-cookie@^2.3.3:
  version "2.5.0"
  resolved "https://registry.yarnpkg.com/tough-cookie/-/tough-cookie-2.5.0.tgz#cd9fb2a0aa1d5a12b473bd9fb96fa3dcff65ade2"
  integrity sha512-nlLsUzgm1kfLXSXfRZMc1KLAugd4hqJHDTvc2hDIwS3mZAfMEuMbc03SujMF+GEcpaX/qboeycw6iO8JwVv2+g==
  dependencies:
    psl "^1.1.28"
    punycode "^2.1.1"
